
Microsoft Visual Studio Solution File, Format Version 12.00
# Visual Studio Version 17
VisualStudioVersion = 17.7.34031.279
MinimumVisualStudioVersion = 10.0.40219.1
Project("{9A19103F-16F7-4668-BE54-9A1E7A4F7556}") = "Hackathon_HealthMed", "Hackathon_HealthMed\Hackathon_HealthMed.csproj", "{62073973-4066-4BB5-89CA-F009D7C4D3A7}"
EndProject
Project("{2150E333-8FDC-42A3-9474-1A3956D46DE8}") = "HackathonHealthMed", "HackathonHealthMed", "{99FAA5C1-E73D-4A62-A461-261910CF32F4}"
EndProject
Project("{2150E333-8FDC-42A3-9474-1A3956D46DE8}") = "01-Presentation", "01-Presentation", "{DEDA57C6-1A83-4F8C-A883-F048AE941809}"
EndProject
Project("{2150E333-8FDC-42A3-9474-1A3956D46DE8}") = "02-Applicattion", "02-Applicattion", "{CF02180A-50C8-4B5C-BFAF-3BE9B25642BE}"
EndProject
Project("{2150E333-8FDC-42A3-9474-1A3956D46DE8}") = "03-Domian", "03-Domian", "{141E1BF0-B98A-4A40-A163-22C0BBB544AA}"
EndProject
Project("{2150E333-8FDC-42A3-9474-1A3956D46DE8}") = "04-Infra", "04-Infra", "{836308AC-2A3F-447C-9BC4-132A7CBA6027}"
EndProject
Project("{2150E333-8FDC-42A3-9474-1A3956D46DE8}") = "05-Test", "05-Test", "{50E46304-BA5A-4FA3-9421-2AE03E165011}"
EndProject
Project("{FAE04EC0-301F-11D3-BF4B-00C04F79EFBC}") = "HackathonHealthMed.Application", "HackathonHealthMed.Application\HackathonHealthMed.Application.csproj", "{42933339-1599-41FA-B297-A5ABFB7FF9F7}"
EndProject
Project("{FAE04EC0-301F-11D3-BF4B-00C04F79EFBC}") = "HackathonHealthMed.Domian", "HackathonHealthMed.Domian\HackathonHealthMed.Domian.csproj", "{F114FCC6-459D-4006-988C-CB694B918B58}"
EndProject
Project("{FAE04EC0-301F-11D3-BF4B-00C04F79EFBC}") = "HackathonHealthMed.Infra", "HackathonHealthMed.Infra\HackathonHealthMed.Infra.csproj", "{AEB58F8A-431E-41FE-B99B-67AF4E75CCBA}"
EndProject
Project("{FAE04EC0-301F-11D3-BF4B-00C04F79EFBC}") = "HackathonHealthMed.Test", "HackathonHealthMed.Test\HackathonHealthMed.Test.csproj", "{4DEF9E03-9698-44BC-B374-2D4E02BFAD27}"
EndProject
Global
	GlobalSection(SolutionConfigurationPlatforms) = preSolution
		Debug|Any CPU = Debug|Any CPU
		Release|Any CPU = Release|Any CPU
	EndGlobalSection
	GlobalSection(ProjectConfigurationPlatforms) = postSolution
		{62073973-4066-4BB5-89CA-F009D7C4D3A7}.Debug|Any CPU.ActiveCfg = Debug|Any CPU
		{62073973-4066-4BB5-89CA-F009D7C4D3A7}.Debug|Any CPU.Build.0 = Debug|Any CPU
		{62073973-4066-4BB5-89CA-F009D7C4D3A7}.Release|Any CPU.ActiveCfg = Release|Any CPU
		{62073973-4066-4BB5-89CA-F009D7C4D3A7}.Release|Any CPU.Build.0 = Release|Any CPU
		{42933339-1599-41FA-B297-A5ABFB7FF9F7}.Debug|Any CPU.ActiveCfg = Debug|Any CPU
		{42933339-1599-41FA-B297-A5ABFB7FF9F7}.Debug|Any CPU.Build.0 = Debug|Any CPU
		{42933339-1599-41FA-B297-A5ABFB7FF9F7}.Release|Any CPU.ActiveCfg = Release|Any CPU
		{42933339-1599-41FA-B297-A5ABFB7FF9F7}.Release|Any CPU.Build.0 = Release|Any CPU
		{F114FCC6-459D-4006-988C-CB694B918B58}.Debug|Any CPU.ActiveCfg = Debug|Any CPU
		{F114FCC6-459D-4006-988C-CB694B918B58}.Debug|Any CPU.Build.0 = Debug|Any CPU
		{F114FCC6-459D-4006-988C-CB694B918B58}.Release|Any CPU.ActiveCfg = Release|Any CPU
		{F114FCC6-459D-4006-988C-CB694B918B58}.Release|Any CPU.Build.0 = Release|Any CPU
		{AEB58F8A-431E-41FE-B99B-67AF4E75CCBA}.Debug|Any CPU.ActiveCfg = Debug|Any CPU
		{AEB58F8A-431E-41FE-B99B-67AF4E75CCBA}.Debug|Any CPU.Build.0 = Debug|Any CPU
		{AEB58F8A-431E-41FE-B99B-67AF4E75CCBA}.Release|Any CPU.ActiveCfg = Release|Any CPU
		{AEB58F8A-431E-41FE-B99B-67AF4E75CCBA}.Release|Any CPU.Build.0 = Release|Any CPU
		{4DEF9E03-9698-44BC-B374-2D4E02BFAD27}.Debug|Any CPU.ActiveCfg = Debug|Any CPU
		{4DEF9E03-9698-44BC-B374-2D4E02BFAD27}.Debug|Any CPU.Build.0 = Debug|Any CPU
		{4DEF9E03-9698-44BC-B374-2D4E02BFAD27}.Release|Any CPU.ActiveCfg = Release|Any CPU
		{4DEF9E03-9698-44BC-B374-2D4E02BFAD27}.Release|Any CPU.Build.0 = Release|Any CPU
	EndGlobalSection
	GlobalSection(SolutionProperties) = preSolution
		HideSolutionNode = FALSE
	EndGlobalSection
	GlobalSection(NestedProjects) = preSolution
		{62073973-4066-4BB5-89CA-F009D7C4D3A7} = {DEDA57C6-1A83-4F8C-A883-F048AE941809}
		{DEDA57C6-1A83-4F8C-A883-F048AE941809} = {99FAA5C1-E73D-4A62-A461-261910CF32F4}
		{CF02180A-50C8-4B5C-BFAF-3BE9B25642BE} = {99FAA5C1-E73D-4A62-A461-261910CF32F4}
		{141E1BF0-B98A-4A40-A163-22C0BBB544AA} = {99FAA5C1-E73D-4A62-A461-261910CF32F4}
		{836308AC-2A3F-447C-9BC4-132A7CBA6027} = {99FAA5C1-E73D-4A62-A461-261910CF32F4}
		{50E46304-BA5A-4FA3-9421-2AE03E165011} = {99FAA5C1-E73D-4A62-A461-261910CF32F4}
		{42933339-1599-41FA-B297-A5ABFB7FF9F7} = {CF02180A-50C8-4B5C-BFAF-3BE9B25642BE}
		{F114FCC6-459D-4006-988C-CB694B918B58} = {141E1BF0-B98A-4A40-A163-22C0BBB544AA}
		{AEB58F8A-431E-41FE-B99B-67AF4E75CCBA} = {836308AC-2A3F-447C-9BC4-132A7CBA6027}
		{4DEF9E03-9698-44BC-B374-2D4E02BFAD27} = {50E46304-BA5A-4FA3-9421-2AE03E165011}
	EndGlobalSection
	GlobalSection(ExtensibilityGlobals) = postSolution
		SolutionGuid = {B0B20A6C-9BC2-41CC-BF1D-8F9F862886D6}
	EndGlobalSection
EndGlobal
